
Microsoft Visual Studio Solution File, Format Version 12.00
# Visual Studio 15
VisualStudioVersion = 15.0.27130.2020
MinimumVisualStudioVersion = 10.0.40219.1
Project("{8BC9CEB8-8B4A-11D0-8D11-00A0C91BC942}") = "chp6example2", "chp6example2\chp6example2.vcxproj", "{943465B7-9C33-4EAD-8E8A-FC3FFB9932B2}"
EndProject
Global
	GlobalSection(SolutionConfigurationPlatforms) = preSolution
		Debug|x64 = Debug|x64
		Debug|x86 = Debug|x86
		Release|x64 = Release|x64
		Release|x86 = Release|x86
	EndGlobalSection
	GlobalSection(ProjectConfigurationPlatforms) = postSolution
		{943465B7-9C33-4EAD-8E8A-FC3FFB9932B2}.Debug|x64.ActiveCfg = Debug|x64
		{943465B7-9C33-4EAD-8E8A-FC3FFB9932B2}.Debug|x64.Build.0 = Debug|x64
		{943465B7-9C33-4EAD-8E8A-FC3FFB9932B2}.Debug|x86.ActiveCfg = Debug|Win32
		{943465B7-9C33-4EAD-8E8A-FC3FFB9932B2}.Debug|x86.Build.0 = Debug|Win32
		{943465B7-9C33-4EAD-8E8A-FC3FFB9932B2}.Release|x64.ActiveCfg = Release|x64
		{943465B7-9C33-4EAD-8E8A-FC3FFB9932B2}.Release|x64.Build.0 = Release|x64
		{943465B7-9C33-4EAD-8E8A-FC3FFB9932B2}.Release|x86.ActiveCfg = Release|Win32
		{943465B7-9C33-4EAD-8E8A-FC3FFB9932B2}.Release|x86.Build.0 = Release|Win32
	EndGlobalSection
	GlobalSection(SolutionProperties) = preSolution
		HideSolutionNode = FALSE
	EndGlobalSection
	GlobalSection(ExtensibilityGlobals) = postSolution
		SolutionGuid = {DB2A5865-CD65-4F99-9E40-B6C3A44ABACB}
	EndGlobalSection
EndGlobal
