
Microsoft Visual Studio Solution File, Format Version 12.00
# Visual Studio 15
VisualStudioVersion = 15.0.27130.2020
MinimumVisualStudioVersion = 10.0.40219.1
Project("{8BC9CEB8-8B4A-11D0-8D11-00A0C91BC942}") = "test2_review", "test2_review\test2_review.vcxproj", "{D60069BB-4665-4962-903F-DEDC9E91D1C2}"
EndProject
Global
	GlobalSection(SolutionConfigurationPlatforms) = preSolution
		Debug|x64 = Debug|x64
		Debug|x86 = Debug|x86
		Release|x64 = Release|x64
		Release|x86 = Release|x86
	EndGlobalSection
	GlobalSection(ProjectConfigurationPlatforms) = postSolution
		{D60069BB-4665-4962-903F-DEDC9E91D1C2}.Debug|x64.ActiveCfg = Debug|x64
		{D60069BB-4665-4962-903F-DEDC9E91D1C2}.Debug|x64.Build.0 = Debug|x64
		{D60069BB-4665-4962-903F-DEDC9E91D1C2}.Debug|x86.ActiveCfg = Debug|Win32
		{D60069BB-4665-4962-903F-DEDC9E91D1C2}.Debug|x86.Build.0 = Debug|Win32
		{D60069BB-4665-4962-903F-DEDC9E91D1C2}.Release|x64.ActiveCfg = Release|x64
		{D60069BB-4665-4962-903F-DEDC9E91D1C2}.Release|x64.Build.0 = Release|x64
		{D60069BB-4665-4962-903F-DEDC9E91D1C2}.Release|x86.ActiveCfg = Release|Win32
		{D60069BB-4665-4962-903F-DEDC9E91D1C2}.Release|x86.Build.0 = Release|Win32
	EndGlobalSection
	GlobalSection(SolutionProperties) = preSolution
		HideSolutionNode = FALSE
	EndGlobalSection
	GlobalSection(ExtensibilityGlobals) = postSolution
		SolutionGuid = {867AD4C7-55C8-45E7-9B88-9E13C072C3B9}
	EndGlobalSection
EndGlobal
