
Microsoft Visual Studio Solution File, Format Version 12.00
# Visual Studio 15
VisualStudioVersion = 15.0.27130.2020
MinimumVisualStudioVersion = 10.0.40219.1
Project("{8BC9CEB8-8B4A-11D0-8D11-00A0C91BC942}") = "chp7example1", "chp7example1\chp7example1.vcxproj", "{F96C63E2-4B03-4E6D-AF11-40A6F124677A}"
EndProject
Global
	GlobalSection(SolutionConfigurationPlatforms) = preSolution
		Debug|x64 = Debug|x64
		Debug|x86 = Debug|x86
		Release|x64 = Release|x64
		Release|x86 = Release|x86
	EndGlobalSection
	GlobalSection(ProjectConfigurationPlatforms) = postSolution
		{F96C63E2-4B03-4E6D-AF11-40A6F124677A}.Debug|x64.ActiveCfg = Debug|x64
		{F96C63E2-4B03-4E6D-AF11-40A6F124677A}.Debug|x64.Build.0 = Debug|x64
		{F96C63E2-4B03-4E6D-AF11-40A6F124677A}.Debug|x86.ActiveCfg = Debug|Win32
		{F96C63E2-4B03-4E6D-AF11-40A6F124677A}.Debug|x86.Build.0 = Debug|Win32
		{F96C63E2-4B03-4E6D-AF11-40A6F124677A}.Release|x64.ActiveCfg = Release|x64
		{F96C63E2-4B03-4E6D-AF11-40A6F124677A}.Release|x64.Build.0 = Release|x64
		{F96C63E2-4B03-4E6D-AF11-40A6F124677A}.Release|x86.ActiveCfg = Release|Win32
		{F96C63E2-4B03-4E6D-AF11-40A6F124677A}.Release|x86.Build.0 = Release|Win32
	EndGlobalSection
	GlobalSection(SolutionProperties) = preSolution
		HideSolutionNode = FALSE
	EndGlobalSection
	GlobalSection(ExtensibilityGlobals) = postSolution
		SolutionGuid = {6E0A2338-68D5-4900-9C14-F57A6666C1FF}
	EndGlobalSection
EndGlobal
